
Microsoft Visual Studio Solution File, Format Version 12.00
# Visual Studio Version 16
VisualStudioVersion = 16.0.29201.188
MinimumVisualStudioVersion = 10.0.40219.1
Project("{FAE04EC0-301F-11D3-BF4B-00C04F79EFBC}") = "ELib", "ELib\ELib.csproj", "{BF344B51-ACEC-4234-ADE5-019C1449158A}"
EndProject
Global
	GlobalSection(SolutionConfigurationPlatforms) = preSolution
		Debug|Any CPU = Debug|Any CPU
		Release|Any CPU = Release|Any CPU
	EndGlobalSection
	GlobalSection(ProjectConfigurationPlatforms) = postSolution
		{BF344B51-ACEC-4234-ADE5-019C1449158A}.Debug|Any CPU.ActiveCfg = Debug|Any CPU
		{BF344B51-ACEC-4234-ADE5-019C1449158A}.Debug|Any CPU.Build.0 = Debug|Any CPU
		{BF344B51-ACEC-4234-ADE5-019C1449158A}.Release|Any CPU.ActiveCfg = Release|Any CPU
		{BF344B51-ACEC-4234-ADE5-019C1449158A}.Release|Any CPU.Build.0 = Release|Any CPU
	EndGlobalSection
	GlobalSection(SolutionProperties) = preSolution
		HideSolutionNode = FALSE
	EndGlobalSection
	GlobalSection(ExtensibilityGlobals) = postSolution
		SolutionGuid = {49015945-8453-48CF-958A-8463C02DC798}
	EndGlobalSection
EndGlobal
